
Microsoft Visual Studio Solution File, Format Version 12.00
# Visual Studio Version 17
VisualStudioVersion = 17.3.32929.385
MinimumVisualStudioVersion = 10.0.40219.1
Project("{FAE04EC0-301F-11D3-BF4B-00C04F79EFBC}") = "Hiriczko_Andreea_Lab1", "Hiriczko_Andreea_Lab1.csproj", "{B1923515-8237-4A30-A7F2-0E1A5A44030E}"
EndProject
Global
	GlobalSection(SolutionConfigurationPlatforms) = preSolution
		Debug|Any CPU = Debug|Any CPU
		Release|Any CPU = Release|Any CPU
	EndGlobalSection
	GlobalSection(ProjectConfigurationPlatforms) = postSolution
		{B1923515-8237-4A30-A7F2-0E1A5A44030E}.Debug|Any CPU.ActiveCfg = Debug|Any CPU
		{B1923515-8237-4A30-A7F2-0E1A5A44030E}.Debug|Any CPU.Build.0 = Debug|Any CPU
		{B1923515-8237-4A30-A7F2-0E1A5A44030E}.Release|Any CPU.ActiveCfg = Release|Any CPU
		{B1923515-8237-4A30-A7F2-0E1A5A44030E}.Release|Any CPU.Build.0 = Release|Any CPU
	EndGlobalSection
	GlobalSection(SolutionProperties) = preSolution
		HideSolutionNode = FALSE
	EndGlobalSection
	GlobalSection(ExtensibilityGlobals) = postSolution
		SolutionGuid = {85DA01B6-F84E-4D1E-8119-DBB38EC08B31}
	EndGlobalSection
EndGlobal
